
Microsoft Visual Studio Solution File, Format Version 12.00
# Visual Studio Version 16
VisualStudioVersion = 16.0.29102.190
MinimumVisualStudioVersion = 10.0.40219.1
Project("{FAE04EC0-301F-11D3-BF4B-00C04F79EFBC}") = "BBC_Testing_Framework", "BBC_Testing_Framework.csproj", "{B24F3A8F-319F-447E-9966-5B840A64D82D}"
EndProject
Global
	GlobalSection(SolutionConfigurationPlatforms) = preSolution
		Debug|Any CPU = Debug|Any CPU
		Release|Any CPU = Release|Any CPU
	EndGlobalSection
	GlobalSection(ProjectConfigurationPlatforms) = postSolution
		{B24F3A8F-319F-447E-9966-5B840A64D82D}.Debug|Any CPU.ActiveCfg = Debug|Any CPU
		{B24F3A8F-319F-447E-9966-5B840A64D82D}.Debug|Any CPU.Build.0 = Debug|Any CPU
		{B24F3A8F-319F-447E-9966-5B840A64D82D}.Release|Any CPU.ActiveCfg = Release|Any CPU
		{B24F3A8F-319F-447E-9966-5B840A64D82D}.Release|Any CPU.Build.0 = Release|Any CPU
	EndGlobalSection
	GlobalSection(SolutionProperties) = preSolution
		HideSolutionNode = FALSE
	EndGlobalSection
	GlobalSection(ExtensibilityGlobals) = postSolution
		SolutionGuid = {8AD47FE7-9BDB-4846-BC35-6FAC12492DBA}
	EndGlobalSection
EndGlobal
